
Microsoft Visual Studio Solution File, Format Version 12.00
# Visual Studio Version 16
VisualStudioVersion = 16.0.29613.14
MinimumVisualStudioVersion = 10.0.40219.1
Project("{9A19103F-16F7-4668-BE54-9A1E7A4F7556}") = "PatientCare.Web", "PatientCare.Web\PatientCare.Web.csproj", "{95F00BF5-FB69-4B0A-BA0B-074F413F554B}"
EndProject
Global
	GlobalSection(SolutionConfigurationPlatforms) = preSolution
		Debug|Any CPU = Debug|Any CPU
		Release|Any CPU = Release|Any CPU
	EndGlobalSection
	GlobalSection(ProjectConfigurationPlatforms) = postSolution
		{95F00BF5-FB69-4B0A-BA0B-074F413F554B}.Debug|Any CPU.ActiveCfg = Debug|Any CPU
		{95F00BF5-FB69-4B0A-BA0B-074F413F554B}.Debug|Any CPU.Build.0 = Debug|Any CPU
		{95F00BF5-FB69-4B0A-BA0B-074F413F554B}.Release|Any CPU.ActiveCfg = Release|Any CPU
		{95F00BF5-FB69-4B0A-BA0B-074F413F554B}.Release|Any CPU.Build.0 = Release|Any CPU
	EndGlobalSection
	GlobalSection(SolutionProperties) = preSolution
		HideSolutionNode = FALSE
	EndGlobalSection
	GlobalSection(ExtensibilityGlobals) = postSolution
		SolutionGuid = {AC4C9381-8639-48A8-B83D-CD2B76625BFB}
	EndGlobalSection
EndGlobal
